
Microsoft Visual Studio Solution File, Format Version 12.00
# Visual Studio 15
VisualStudioVersion = 15.0.27703.2047
MinimumVisualStudioVersion = 10.0.40219.1
Project("{FAE04EC0-301F-11D3-BF4B-00C04F79EFBC}") = "PlayAdv", "PlayAdv\PlayAdv.csproj", "{98173BB6-772D-4E72-B45B-D81A78A8D3D2}"
EndProject
Global
	GlobalSection(SolutionConfigurationPlatforms) = preSolution
		Debug|Any CPU = Debug|Any CPU
		Release|Any CPU = Release|Any CPU
	EndGlobalSection
	GlobalSection(ProjectConfigurationPlatforms) = postSolution
		{98173BB6-772D-4E72-B45B-D81A78A8D3D2}.Debug|Any CPU.ActiveCfg = Debug|Any CPU
		{98173BB6-772D-4E72-B45B-D81A78A8D3D2}.Debug|Any CPU.Build.0 = Debug|Any CPU
		{98173BB6-772D-4E72-B45B-D81A78A8D3D2}.Release|Any CPU.ActiveCfg = Release|Any CPU
		{98173BB6-772D-4E72-B45B-D81A78A8D3D2}.Release|Any CPU.Build.0 = Release|Any CPU
	EndGlobalSection
	GlobalSection(SolutionProperties) = preSolution
		HideSolutionNode = FALSE
	EndGlobalSection
	GlobalSection(ExtensibilityGlobals) = postSolution
		SolutionGuid = {AF170D49-33D5-40F6-8692-0E7389A43963}
	EndGlobalSection
EndGlobal
